// !$*UTF8*$!
{
	archiveVersion = 1;
	classes = {
	};
	objectVersion = 50;
	objects = {

/* Begin PBXBuildFile section */
		A54CC0CE266A9F0F0071F3BC /* BadgeManager.swift in Sources */ = {isa = PBXBuildFile; fileRef = A54CC0CD266A9F0F0071F3BC /* BadgeManager.swift */; };
		A57C814A25F1D73D00972618 /* Stack.swift in Sources */ = {isa = PBXBuildFile; fileRef = A57C814725F1D73D00972618 /* Stack.swift */; };
		A57C814B25F1D73D00972618 /* InsertionSort.swift in Sources */ = {isa = PBXBuildFile; fileRef = A57C814825F1D73D00972618 /* InsertionSort.swift */; };
		A57C814C25F1D73D00972618 /* Queue.swift in Sources */ = {isa = PBXBuildFile; fileRef = A57C814925F1D73D00972618 /* Queue.swift */; };
		A57C815025F1D75300972618 /* Visuals.swift in Sources */ = {isa = PBXBuildFile; fileRef = A57C814F25F1D75300972618 /* Visuals.swift */; };
		A57C815D25F1D8A500972618 /* Recurrence.swift in Sources */ = {isa = PBXBuildFile; fileRef = A57C815C25F1D8A500972618 /* Recurrence.swift */; };
		A5AE940525F1CEC4006FA79C /* LearningApp.swift in Sources */ = {isa = PBXBuildFile; fileRef = A5AE940425F1CEC4006FA79C /* LearningApp.swift */; };
		A5AE940725F1CEC4006FA79C /* ContentView.swift in Sources */ = {isa = PBXBuildFile; fileRef = A5AE940625F1CEC4006FA79C /* ContentView.swift */; };
		A5AE940925F1CEC5006FA79C /* Assets.xcassets in Resources */ = {isa = PBXBuildFile; fileRef = A5AE940825F1CEC5006FA79C /* Assets.xcassets */; };
		A5AE940C25F1CEC5006FA79C /* Preview Assets.xcassets in Resources */ = {isa = PBXBuildFile; fileRef = A5AE940B25F1CEC5006FA79C /* Preview Assets.xcassets */; };
/* End PBXBuildFile section */

/* Begin PBXFileReference section */
		A54CC0CD266A9F0F0071F3BC /* BadgeManager.swift */ = {isa = PBXFileReference; lastKnownFileType = sourcecode.swift; path = BadgeManager.swift; sourceTree = "<group>"; };
		A57C814725F1D73D00972618 /* Stack.swift */ = {isa = PBXFileReference; fileEncoding = 4; lastKnownFileType = sourcecode.swift; path = Stack.swift; sourceTree = "<group>"; };
		A57C814825F1D73D00972618 /* InsertionSort.swift */ = {isa = PBXFileReference; fileEncoding = 4; lastKnownFileType = sourcecode.swift; path = InsertionSort.swift; sourceTree = "<group>"; };
		A57C814925F1D73D00972618 /* Queue.swift */ = {isa = PBXFileReference; fileEncoding = 4; lastKnownFileType = sourcecode.swift; path = Queue.swift; sourceTree = "<group>"; };
		A57C814F25F1D75300972618 /* Visuals.swift */ = {isa = PBXFileReference; fileEncoding = 4; lastKnownFileType = sourcecode.swift; path = Visuals.swift; sourceTree = "<group>"; };
		A57C815625F1D7E000972618 /* Learning.playground */ = {isa = PBXFileReference; lastKnownFileType = file.playground; path = Learning.playground; sourceTree = "<group>"; xcLanguageSpecificationIdentifier = xcode.lang.swift; };
		A57C815C25F1D8A500972618 /* Recurrence.swift */ = {isa = PBXFileReference; fileEncoding = 4; lastKnownFileType = sourcecode.swift; path = Recurrence.swift; sourceTree = "<group>"; };
		A5AE940125F1CEC4006FA79C /* Learning.app */ = {isa = PBXFileReference; explicitFileType = wrapper.application; includeInIndex = 0; path = Learning.app; sourceTree = BUILT_PRODUCTS_DIR; };
		A5AE940425F1CEC4006FA79C /* LearningApp.swift */ = {isa = PBXFileReference; lastKnownFileType = sourcecode.swift; path = LearningApp.swift; sourceTree = "<group>"; };
		A5AE940625F1CEC4006FA79C /* ContentView.swift */ = {isa = PBXFileReference; lastKnownFileType = sourcecode.swift; path = ContentView.swift; sourceTree = "<group>"; };
		A5AE940825F1CEC5006FA79C /* Assets.xcassets */ = {isa = PBXFileReference; lastKnownFileType = folder.assetcatalog; path = Assets.xcassets; sourceTree = "<group>"; };
		A5AE940B25F1CEC5006FA79C /* Preview Assets.xcassets */ = {isa = PBXFileReference; lastKnownFileType = folder.assetcatalog; path = "Preview Assets.xcassets"; sourceTree = "<group>"; };
		A5AE940D25F1CEC5006FA79C /* Info.plist */ = {isa = PBXFileReference; lastKnownFileType = text.plist.xml; path = Info.plist; sourceTree = "<group>"; };
/* End PBXFileReference section */

/* Begin PBXFrameworksBuildPhase section */
		A5AE93FE25F1CEC4006FA79C /* Frameworks */ = {
			isa = PBXFrameworksBuildPhase;
			buildActionMask = 2147483647;
			files = (
			);
			runOnlyForDeploymentPostprocessing = 0;
		};
/* End PBXFrameworksBuildPhase section */

/* Begin PBXGroup section */
		A57C814625F1D71F00972618 /* Algorithms&DataStructures */ = {
			isa = PBXGroup;
			children = (
				A57C814825F1D73D00972618 /* InsertionSort.swift */,
				A57C814925F1D73D00972618 /* Queue.swift */,
				A57C814725F1D73D00972618 /* Stack.swift */,
			);
			path = "Algorithms&DataStructures";
			sourceTree = "<group>";
		};
		A57C814E25F1D74700972618 /* SwiftUI */ = {
			isa = PBXGroup;
			children = (
				A57C814F25F1D75300972618 /* Visuals.swift */,
			);
			path = SwiftUI;
			sourceTree = "<group>";
		};
		A57C815825F1D7FD00972618 /* Playgrounds */ = {
			isa = PBXGroup;
			children = (
				A57C815625F1D7E000972618 /* Learning.playground */,
			);
			path = Playgrounds;
			sourceTree = "<group>";
		};
		A57C815B25F1D88000972618 /* Other */ = {
			isa = PBXGroup;
			children = (
				A57C815C25F1D8A500972618 /* Recurrence.swift */,
			);
			path = Other;
			sourceTree = "<group>";
		};
		A5AE93F825F1CEC4006FA79C = {
			isa = PBXGroup;
			children = (
				A57C814625F1D71F00972618 /* Algorithms&DataStructures */,
				A5AE940325F1CEC4006FA79C /* Learning */,
				A57C815B25F1D88000972618 /* Other */,
				A57C815825F1D7FD00972618 /* Playgrounds */,
				A5AE940225F1CEC4006FA79C /* Products */,
				A57C814E25F1D74700972618 /* SwiftUI */,
			);
			sourceTree = "<group>";
		};
		A5AE940225F1CEC4006FA79C /* Products */ = {
			isa = PBXGroup;
			children = (
				A5AE940125F1CEC4006FA79C /* Learning.app */,
			);
			name = Products;
			sourceTree = "<group>";
		};
		A5AE940325F1CEC4006FA79C /* Learning */ = {
			isa = PBXGroup;
			children = (
				A5AE940425F1CEC4006FA79C /* LearningApp.swift */,
				A5AE940625F1CEC4006FA79C /* ContentView.swift */,
				A54CC0CD266A9F0F0071F3BC /* BadgeManager.swift */,
				A5AE940825F1CEC5006FA79C /* Assets.xcassets */,
				A5AE940D25F1CEC5006FA79C /* Info.plist */,
				A5AE940A25F1CEC5006FA79C /* Preview Content */,
			);
			path = Learning;
			sourceTree = "<group>";
		};
		A5AE940A25F1CEC5006FA79C /* Preview Content */ = {
			isa = PBXGroup;
			children = (
				A5AE940B25F1CEC5006FA79C /* Preview Assets.xcassets */,
			);
			path = "Preview Content";
			sourceTree = "<group>";
		};
/* End PBXGroup section */

/* Begin PBXNativeTarget section */
		A5AE940025F1CEC4006FA79C /* Learning */ = {
			isa = PBXNativeTarget;
			buildConfigurationList = A5AE941025F1CEC5006FA79C /* Build configuration list for PBXNativeTarget "Learning" */;
			buildPhases = (
				A5AE93FD25F1CEC4006FA79C /* Sources */,
				A5AE93FE25F1CEC4006FA79C /* Frameworks */,
				A5AE93FF25F1CEC4006FA79C /* Resources */,
			);
			buildRules = (
			);
			dependencies = (
			);
			name = Learning;
			productName = Learning;
			productReference = A5AE940125F1CEC4006FA79C /* Learning.app */;
			productType = "com.apple.product-type.application";
		};
/* End PBXNativeTarget section */

/* Begin PBXProject section */
		A5AE93F925F1CEC4006FA79C /* Project object */ = {
			isa = PBXProject;
			attributes = {
				LastSwiftUpdateCheck = 1240;
				LastUpgradeCheck = 1240;
				TargetAttributes = {
					A5AE940025F1CEC4006FA79C = {
						CreatedOnToolsVersion = 12.4;
					};
				};
			};
			buildConfigurationList = A5AE93FC25F1CEC4006FA79C /* Build configuration list for PBXProject "Learning" */;
			compatibilityVersion = "Xcode 9.3";
			developmentRegion = en;
			hasScannedForEncodings = 0;
			knownRegions = (
				en,
				Base,
			);
			mainGroup = A5AE93F825F1CEC4006FA79C;
			productRefGroup = A5AE940225F1CEC4006FA79C /* Products */;
			projectDirPath = "";
			projectRoot = "";
			targets = (
				A5AE940025F1CEC4006FA79C /* Learning */,
			);
		};
/* End PBXProject section */

/* Begin PBXResourcesBuildPhase section */
		A5AE93FF25F1CEC4006FA79C /* Resources */ = {
			isa = PBXResourcesBuildPhase;
			buildActionMask = 2147483647;
			files = (
				A5AE940C25F1CEC5006FA79C /* Preview Assets.xcassets in Resources */,
				A5AE940925F1CEC5006FA79C /* Assets.xcassets in Resources */,
			);
			runOnlyForDeploymentPostprocessing = 0;
		};
/* End PBXResourcesBuildPhase section */

/* Begin PBXSourcesBuildPhase section */
		A5AE93FD25F1CEC4006FA79C /* Sources */ = {
			isa = PBXSourcesBuildPhase;
			buildActionMask = 2147483647;
			files = (
				A57C814C25F1D73D00972618 /* Queue.swift in Sources */,
				A5AE940725F1CEC4006FA79C /* ContentView.swift in Sources */,
				A57C814B25F1D73D00972618 /* InsertionSort.swift in Sources */,
				A54CC0CE266A9F0F0071F3BC /* BadgeManager.swift in Sources */,
				A57C815D25F1D8A500972618 /* Recurrence.swift in Sources */,
				A57C814A25F1D73D00972618 /* Stack.swift in Sources */,
				A5AE940525F1CEC4006FA79C /* LearningApp.swift in Sources */,
				A57C815025F1D75300972618 /* Visuals.swift in Sources */,
			);
			runOnlyForDeploymentPostprocessing = 0;
		};
/* End PBXSourcesBuildPhase section */

/* Begin XCBuildConfiguration section */
		A5AE940E25F1CEC5006FA79C /* Debug */ = {
			isa = XCBuildConfiguration;
			buildSettings = {
				ALWAYS_SEARCH_USER_PATHS = NO;
				CLANG_ANALYZER_NONNULL = YES;
				CLANG_ANALYZER_NUMBER_OBJECT_CONVERSION = YES_AGGRESSIVE;
				CLANG_CXX_LANGUAGE_STANDARD = "gnu++14";
				CLANG_CXX_LIBRARY = "libc++";
				CLANG_ENABLE_MODULES = YES;
				CLANG_ENABLE_OBJC_ARC = YES;
				CLANG_ENABLE_OBJC_WEAK = YES;
				CLANG_WARN_BLOCK_CAPTURE_AUTORELEASING = YES;
				CLANG_WARN_BOOL_CONVERSION = YES;
				CLANG_WARN_COMMA = YES;
				CLANG_WARN_CONSTANT_CONVERSION = YES;
				CLANG_WARN_DEPRECATED_OBJC_IMPLEMENTATIONS = YES;
				CLANG_WARN_DIRECT_OBJC_ISA_USAGE = YES_ERROR;
				CLANG_WARN_DOCUMENTATION_COMMENTS = YES;
				CLANG_WARN_EMPTY_BODY = YES;
				CLANG_WARN_ENUM_CONVERSION = YES;
				CLANG_WARN_INFINITE_RECURSION = YES;
				CLANG_WARN_INT_CONVERSION = YES;
				CLANG_WARN_NON_LITERAL_NULL_CONVERSION = YES;
				CLANG_WARN_OBJC_IMPLICIT_RETAIN_SELF = YES;
				CLANG_WARN_OBJC_LITERAL_CONVERSION = YES;
				CLANG_WARN_OBJC_ROOT_CLASS = YES_ERROR;
				CLANG_WARN_QUOTED_INCLUDE_IN_FRAMEWORK_HEADER = YES;
				CLANG_WARN_RANGE_LOOP_ANALYSIS = YES;
				CLANG_WARN_STRICT_PROTOTYPES = YES;
				CLANG_WARN_SUSPICIOUS_MOVE = YES;
				CLANG_WARN_UNGUARDED_AVAILABILITY = YES_AGGRESSIVE;
				CLANG_WARN_UNREACHABLE_CODE = YES;
				CLANG_WARN__DUPLICATE_METHOD_MATCH = YES;
				COPY_PHASE_STRIP = NO;
				DEBUG_INFORMATION_FORMAT = dwarf;
				ENABLE_STRICT_OBJC_MSGSEND = YES;
				ENABLE_TESTABILITY = YES;
				GCC_C_LANGUAGE_STANDARD = gnu11;
				GCC_DYNAMIC_NO_PIC = NO;
				GCC_NO_COMMON_BLOCKS = YES;
				GCC_OPTIMIZATION_LEVEL = 0;
				GCC_PREPROCESSOR_DEFINITIONS = (
					"DEBUG=1",
					"$(inherited)",
				);
				GCC_WARN_64_TO_32_BIT_CONVERSION = YES;
				GCC_WARN_ABOUT_RETURN_TYPE = YES_ERROR;
				GCC_WARN_UNDECLARED_SELECTOR = YES;
				GCC_WARN_UNINITIALIZED_AUTOS = YES_AGGRESSIVE;
				GCC_WARN_UNUSED_FUNCTION = YES;
				GCC_WARN_UNUSED_VARIABLE = YES;
				IPHONEOS_DEPLOYMENT_TARGET = 14.4;
				MTL_ENABLE_DEBUG_INFO = INCLUDE_SOURCE;
				MTL_FAST_MATH = YES;
				ONLY_ACTIVE_ARCH = YES;
				SDKROOT = iphoneos;
				SWIFT_ACTIVE_COMPILATION_CONDITIONS = DEBUG;
				SWIFT_OPTIMIZATION_LEVEL = "-Onone";
			};
			name = Debug;
		};
		A5AE940F25F1CEC5006FA79C /* Release */ = {
			isa = XCBuildConfiguration;
			buildSettings = {
				ALWAYS_SEARCH_USER_PATHS = NO;
				CLANG_ANALYZER_NONNULL = YES;
				CLANG_ANALYZER_NUMBER_OBJECT_CONVERSION = YES_AGGRESSIVE;
				CLANG_CXX_LANGUAGE_STANDARD = "gnu++14";
				CLANG_CXX_LIBRARY = "libc++";
				CLANG_ENABLE_MODULES = YES;
				CLANG_ENABLE_OBJC_ARC = YES;
				CLANG_ENABLE_OBJC_WEAK = YES;
				CLANG_WARN_BLOCK_CAPTURE_AUTORELEASING = YES;
				CLANG_WARN_BOOL_CONVERSION = YES;
				CLANG_WARN_COMMA = YES;
				CLANG_WARN_CONSTANT_CONVERSION = YES;
				CLANG_WARN_DEPRECATED_OBJC_IMPLEMENTATIONS = YES;
				CLANG_WARN_DIRECT_OBJC_ISA_USAGE = YES_ERROR;
				CLANG_WARN_DOCUMENTATION_COMMENTS = YES;
				CLANG_WARN_EMPTY_BODY = YES;
				CLANG_WARN_ENUM_CONVERSION = YES;
				CLANG_WARN_INFINITE_RECURSION = YES;
				CLANG_WARN_INT_CONVERSION = YES;
				CLANG_WARN_NON_LITERAL_NULL_CONVERSION = YES;
				CLANG_WARN_OBJC_IMPLICIT_RETAIN_SELF = YES;
				CLANG_WARN_OBJC_LITERAL_CONVERSION = YES;
				CLANG_WARN_OBJC_ROOT_CLASS = YES_ERROR;
				CLANG_WARN_QUOTED_INCLUDE_IN_FRAMEWORK_HEADER = YES;
				CLANG_WARN_RANGE_LOOP_ANALYSIS = YES;
				CLANG_WARN_STRICT_PROTOTYPES = YES;
				CLANG_WARN_SUSPICIOUS_MOVE = YES;
				CLANG_WARN_UNGUARDED_AVAILABILITY = YES_AGGRESSIVE;
				CLANG_WARN_UNREACHABLE_CODE = YES;
				CLANG_WARN__DUPLICATE_METHOD_MATCH = YES;
				COPY_PHASE_STRIP = NO;
				DEBUG_INFORMATION_FORMAT = "dwarf-with-dsym";
				ENABLE_NS_ASSERTIONS = NO;
				ENABLE_STRICT_OBJC_MSGSEND = YES;
				GCC_C_LANGUAGE_STANDARD = gnu11;
				GCC_NO_COMMON_BLOCKS = YES;
				GCC_WARN_64_TO_32_BIT_CONVERSION = YES;
				GCC_WARN_ABOUT_RETURN_TYPE = YES_ERROR;
				GCC_WARN_UNDECLARED_SELECTOR = YES;
				GCC_WARN_UNINITIALIZED_AUTOS = YES_AGGRESSIVE;
				GCC_WARN_UNUSED_FUNCTION = YES;
				GCC_WARN_UNUSED_VARIABLE = YES;
				IPHONEOS_DEPLOYMENT_TARGET = 14.4;
				MTL_ENABLE_DEBUG_INFO = NO;
				MTL_FAST_MATH = YES;
				SDKROOT = iphoneos;
				SWIFT_COMPILATION_MODE = wholemodule;
				SWIFT_OPTIMIZATION_LEVEL = "-O";
				VALIDATE_PRODUCT = YES;
			};
			name = Release;
		};
		A5AE941125F1CEC5006FA79C /* Debug */ = {
			isa = XCBuildConfiguration;
			buildSettings = {
				ASSETCATALOG_COMPILER_APPICON_NAME = AppIcon;
				ASSETCATALOG_COMPILER_GLOBAL_ACCENT_COLOR_NAME = AccentColor;
				CODE_SIGN_STYLE = Automatic;
				DEVELOPMENT_ASSET_PATHS = "\"Learning/Preview Content\"";
				DEVELOPMENT_TEAM = X7WM6K9T24;
				ENABLE_PREVIEWS = YES;
				INFOPLIST_FILE = Learning/Info.plist;
				IPHONEOS_DEPLOYMENT_TARGET = 14.0;
				LD_RUNPATH_SEARCH_PATHS = (
					"$(inherited)",
					"@executable_path/Frameworks",
				);
				PRODUCT_BUNDLE_IDENTIFIER = com.mikaelweiss.Learning;
				PRODUCT_NAME = "$(TARGET_NAME)";
				SWIFT_VERSION = 5.0;
				TARGETED_DEVICE_FAMILY = "1,2";
			};
			name = Debug;
		};
		A5AE941225F1CEC5006FA79C /* Release */ = {
			isa = XCBuildConfiguration;
			buildSettings = {
				ASSETCATALOG_COMPILER_APPICON_NAME = AppIcon;
				ASSETCATALOG_COMPILER_GLOBAL_ACCENT_COLOR_NAME = AccentColor;
				CODE_SIGN_STYLE = Automatic;
				DEVELOPMENT_ASSET_PATHS = "\"Learning/Preview Content\"";
				DEVELOPMENT_TEAM = X7WM6K9T24;
				ENABLE_PREVIEWS = YES;
				INFOPLIST_FILE = Learning/Info.plist;
				IPHONEOS_DEPLOYMENT_TARGET = 14.0;
				LD_RUNPATH_SEARCH_PATHS = (
					"$(inherited)",
					"@executable_path/Frameworks",
				);
				PRODUCT_BUNDLE_IDENTIFIER = com.mikaelweiss.Learning;
				PRODUCT_NAME = "$(TARGET_NAME)";
				SWIFT_VERSION = 5.0;
				TARGETED_DEVICE_FAMILY = "1,2";
			};
			name = Release;
		};
/* End XCBuildConfiguration section */

/* Begin XCConfigurationList section */
		A5AE93FC25F1CEC4006FA79C /* Build configuration list for PBXProject "Learning" */ = {
			isa = XCConfigurationList;
			buildConfigurations = (
				A5AE940E25F1CEC5006FA79C /* Debug */,
				A5AE940F25F1CEC5006FA79C /* Release */,
			);
			defaultConfigurationIsVisible = 0;
			defaultConfigurationName = Release;
		};
		A5AE941025F1CEC5006FA79C /* Build configuration list for PBXNativeTarget "Learning" */ = {
			isa = XCConfigurationList;
			buildConfigurations = (
				A5AE941125F1CEC5006FA79C /* Debug */,
				A5AE941225F1CEC5006FA79C /* Release */,
			);
			defaultConfigurationIsVisible = 0;
			defaultConfigurationName = Release;
		};
/* End XCConfigurationList section */
	};
	rootObject = A5AE93F925F1CEC4006FA79C /* Project object */;
}
